
Microsoft Visual Studio Solution File, Format Version 12.00
# Visual Studio Version 17
VisualStudioVersion = 17.6.33829.357
MinimumVisualStudioVersion = 10.0.40219.1
Project("{FAE04EC0-301F-11D3-BF4B-00C04F79EFBC}") = "PaymentAPITest", "PaymentAPITest\PaymentAPITest.csproj", "{FAB4B668-6E0D-4D10-83DA-AEAA9A387AA2}"
EndProject
Global
	GlobalSection(SolutionConfigurationPlatforms) = preSolution
		Debug|Any CPU = Debug|Any CPU
		Release|Any CPU = Release|Any CPU
	EndGlobalSection
	GlobalSection(ProjectConfigurationPlatforms) = postSolution
		{FAB4B668-6E0D-4D10-83DA-AEAA9A387AA2}.Debug|Any CPU.ActiveCfg = Debug|Any CPU
		{FAB4B668-6E0D-4D10-83DA-AEAA9A387AA2}.Debug|Any CPU.Build.0 = Debug|Any CPU
		{FAB4B668-6E0D-4D10-83DA-AEAA9A387AA2}.Release|Any CPU.ActiveCfg = Release|Any CPU
		{FAB4B668-6E0D-4D10-83DA-AEAA9A387AA2}.Release|Any CPU.Build.0 = Release|Any CPU
	EndGlobalSection
	GlobalSection(SolutionProperties) = preSolution
		HideSolutionNode = FALSE
	EndGlobalSection
	GlobalSection(ExtensibilityGlobals) = postSolution
		SolutionGuid = {0BCB46B1-D3E4-461D-9041-1B5F6C1486B3}
	EndGlobalSection
EndGlobal
